
Microsoft Visual Studio Solution File, Format Version 12.00
# Visual Studio Version 17
VisualStudioVersion = 17.9.34616.47
MinimumVisualStudioVersion = 10.0.40219.1
Project("{FAE04EC0-301F-11D3-BF4B-00C04F79EFBC}") = "Game Architecture", "Game Architecture\Game Architecture.csproj", "{E664F46B-C4D7-4407-8429-E5DB71428CDD}"
EndProject
Global
	GlobalSection(SolutionConfigurationPlatforms) = preSolution
		Debug|Any CPU = Debug|Any CPU
		Release|Any CPU = Release|Any CPU
	EndGlobalSection
	GlobalSection(ProjectConfigurationPlatforms) = postSolution
		{E664F46B-C4D7-4407-8429-E5DB71428CDD}.Debug|Any CPU.ActiveCfg = Debug|Any CPU
		{E664F46B-C4D7-4407-8429-E5DB71428CDD}.Debug|Any CPU.Build.0 = Debug|Any CPU
		{E664F46B-C4D7-4407-8429-E5DB71428CDD}.Release|Any CPU.ActiveCfg = Release|Any CPU
		{E664F46B-C4D7-4407-8429-E5DB71428CDD}.Release|Any CPU.Build.0 = Release|Any CPU
	EndGlobalSection
	GlobalSection(SolutionProperties) = preSolution
		HideSolutionNode = FALSE
	EndGlobalSection
	GlobalSection(ExtensibilityGlobals) = postSolution
		SolutionGuid = {F172F899-868D-4BE2-B2F7-C1F624F15E4C}
	EndGlobalSection
EndGlobal
